
Microsoft Visual Studio Solution File, Format Version 12.00
# Visual Studio 15
VisualStudioVersion = 15.0.26124.0
MinimumVisualStudioVersion = 15.0.26124.0
Project("{2150E333-8FDC-42A3-9474-1A3956D46DE8}") = "src", "src", "{7D793DA6-04EF-45B7-A90B-57DEAA871577}"
EndProject
Project("{FAE04EC0-301F-11D3-BF4B-00C04F79EFBC}") = "webapi", "src\webapi\webapi.csproj", "{FAD2F508-5D44-40A1-96B3-0205DBC1B99E}"
EndProject
Project("{FAE04EC0-301F-11D3-BF4B-00C04F79EFBC}") = "test", "src\test\test.csproj", "{896CB40D-0664-4326-9F8F-FACE70E6F6CB}"
EndProject
Global
	GlobalSection(SolutionProperties) = preSolution
		HideSolutionNode = FALSE
	EndGlobalSection
	GlobalSection(SolutionConfigurationPlatforms) = preSolution
		Debug|Any CPU = Debug|Any CPU
		Debug|x64 = Debug|x64
		Debug|x86 = Debug|x86
		Release|Any CPU = Release|Any CPU
		Release|x64 = Release|x64
		Release|x86 = Release|x86
	EndGlobalSection
	GlobalSection(ProjectConfigurationPlatforms) = postSolution
		{FAD2F508-5D44-40A1-96B3-0205DBC1B99E}.Debug|Any CPU.ActiveCfg = Debug|Any CPU
		{FAD2F508-5D44-40A1-96B3-0205DBC1B99E}.Debug|Any CPU.Build.0 = Debug|Any CPU
		{FAD2F508-5D44-40A1-96B3-0205DBC1B99E}.Debug|x64.ActiveCfg = Debug|Any CPU
		{FAD2F508-5D44-40A1-96B3-0205DBC1B99E}.Debug|x64.Build.0 = Debug|Any CPU
		{FAD2F508-5D44-40A1-96B3-0205DBC1B99E}.Debug|x86.ActiveCfg = Debug|Any CPU
		{FAD2F508-5D44-40A1-96B3-0205DBC1B99E}.Debug|x86.Build.0 = Debug|Any CPU
		{FAD2F508-5D44-40A1-96B3-0205DBC1B99E}.Release|Any CPU.ActiveCfg = Release|Any CPU
		{FAD2F508-5D44-40A1-96B3-0205DBC1B99E}.Release|Any CPU.Build.0 = Release|Any CPU
		{FAD2F508-5D44-40A1-96B3-0205DBC1B99E}.Release|x64.ActiveCfg = Release|Any CPU
		{FAD2F508-5D44-40A1-96B3-0205DBC1B99E}.Release|x64.Build.0 = Release|Any CPU
		{FAD2F508-5D44-40A1-96B3-0205DBC1B99E}.Release|x86.ActiveCfg = Release|Any CPU
		{FAD2F508-5D44-40A1-96B3-0205DBC1B99E}.Release|x86.Build.0 = Release|Any CPU
		{896CB40D-0664-4326-9F8F-FACE70E6F6CB}.Debug|Any CPU.ActiveCfg = Debug|Any CPU
		{896CB40D-0664-4326-9F8F-FACE70E6F6CB}.Debug|Any CPU.Build.0 = Debug|Any CPU
		{896CB40D-0664-4326-9F8F-FACE70E6F6CB}.Debug|x64.ActiveCfg = Debug|Any CPU
		{896CB40D-0664-4326-9F8F-FACE70E6F6CB}.Debug|x64.Build.0 = Debug|Any CPU
		{896CB40D-0664-4326-9F8F-FACE70E6F6CB}.Debug|x86.ActiveCfg = Debug|Any CPU
		{896CB40D-0664-4326-9F8F-FACE70E6F6CB}.Debug|x86.Build.0 = Debug|Any CPU
		{896CB40D-0664-4326-9F8F-FACE70E6F6CB}.Release|Any CPU.ActiveCfg = Release|Any CPU
		{896CB40D-0664-4326-9F8F-FACE70E6F6CB}.Release|Any CPU.Build.0 = Release|Any CPU
		{896CB40D-0664-4326-9F8F-FACE70E6F6CB}.Release|x64.ActiveCfg = Release|Any CPU
		{896CB40D-0664-4326-9F8F-FACE70E6F6CB}.Release|x64.Build.0 = Release|Any CPU
		{896CB40D-0664-4326-9F8F-FACE70E6F6CB}.Release|x86.ActiveCfg = Release|Any CPU
		{896CB40D-0664-4326-9F8F-FACE70E6F6CB}.Release|x86.Build.0 = Release|Any CPU
	EndGlobalSection
	GlobalSection(NestedProjects) = preSolution
		{FAD2F508-5D44-40A1-96B3-0205DBC1B99E} = {7D793DA6-04EF-45B7-A90B-57DEAA871577}
		{896CB40D-0664-4326-9F8F-FACE70E6F6CB} = {7D793DA6-04EF-45B7-A90B-57DEAA871577}
	EndGlobalSection
EndGlobal
